
Microsoft Visual Studio Solution File, Format Version 12.00
# Visual Studio 14
VisualStudioVersion = 14.0.25123.0
MinimumVisualStudioVersion = 10.0.40219.1
Project("{FAE04EC0-301F-11D3-BF4B-00C04F79EFBC}") = "Web", "Web\Web.csproj", "{6C1877BD-5A23-4A78-9D4B-03C9388A767D}"
EndProject
Project("{FAE04EC0-301F-11D3-BF4B-00C04F79EFBC}") = "Domain", "Domain\Domain.csproj", "{818F47A0-8000-48F4-B523-78C6636E967D}"
EndProject
Project("{FAE04EC0-301F-11D3-BF4B-00C04F79EFBC}") = "DAL", "DAL\DAL.csproj", "{DD4E93F3-3D7F-493C-BBF7-DF674119686C}"
EndProject
Project("{FAE04EC0-301F-11D3-BF4B-00C04F79EFBC}") = "ConsoleTestApp", "ConsoleTestApp\ConsoleTestApp.csproj", "{5DE77D16-3C82-40BE-B579-0AFD7A88444A}"
EndProject
Project("{FAE04EC0-301F-11D3-BF4B-00C04F79EFBC}") = "Identity", "Identity\Identity.csproj", "{2B363023-92B4-411A-A3B5-36947BFD7417}"
EndProject
Project("{2150E333-8FDC-42A3-9474-1A3956D46DE8}") = "Solution Items", "Solution Items", "{6DFD8419-B0C3-40DC-8167-89AC5093B024}"
	ProjectSection(SolutionItems) = preProject
		.bowerrc = .bowerrc
		bower.json = bower.json
	EndProjectSection
EndProject
Project("{FAE04EC0-301F-11D3-BF4B-00C04F79EFBC}") = "DataAnnotations", "DataAnnotations\DataAnnotations.csproj", "{A4331DC5-D69D-447F-8657-12DDA0B68966}"
EndProject
Project("{FAE04EC0-301F-11D3-BF4B-00C04F79EFBC}") = "HtmlHelpers", "HtmlHelpers\HtmlHelpers.csproj", "{6FE01879-E81D-4965-A951-F0197C88C416}"
EndProject
Project("{FAE04EC0-301F-11D3-BF4B-00C04F79EFBC}") = "Resources", "Resources\Resources.csproj", "{AE8327F7-81E1-406B-B99B-18687714BE5B}"
EndProject
Global
	GlobalSection(SolutionConfigurationPlatforms) = preSolution
		Debug|Any CPU = Debug|Any CPU
		Release|Any CPU = Release|Any CPU
	EndGlobalSection
	GlobalSection(ProjectConfigurationPlatforms) = postSolution
		{6C1877BD-5A23-4A78-9D4B-03C9388A767D}.Debug|Any CPU.ActiveCfg = Debug|Any CPU
		{6C1877BD-5A23-4A78-9D4B-03C9388A767D}.Debug|Any CPU.Build.0 = Debug|Any CPU
		{6C1877BD-5A23-4A78-9D4B-03C9388A767D}.Release|Any CPU.ActiveCfg = Release|Any CPU
		{6C1877BD-5A23-4A78-9D4B-03C9388A767D}.Release|Any CPU.Build.0 = Release|Any CPU
		{818F47A0-8000-48F4-B523-78C6636E967D}.Debug|Any CPU.ActiveCfg = Debug|Any CPU
		{818F47A0-8000-48F4-B523-78C6636E967D}.Debug|Any CPU.Build.0 = Debug|Any CPU
		{818F47A0-8000-48F4-B523-78C6636E967D}.Release|Any CPU.ActiveCfg = Release|Any CPU
		{818F47A0-8000-48F4-B523-78C6636E967D}.Release|Any CPU.Build.0 = Release|Any CPU
		{DD4E93F3-3D7F-493C-BBF7-DF674119686C}.Debug|Any CPU.ActiveCfg = Debug|Any CPU
		{DD4E93F3-3D7F-493C-BBF7-DF674119686C}.Debug|Any CPU.Build.0 = Debug|Any CPU
		{DD4E93F3-3D7F-493C-BBF7-DF674119686C}.Release|Any CPU.ActiveCfg = Release|Any CPU
		{DD4E93F3-3D7F-493C-BBF7-DF674119686C}.Release|Any CPU.Build.0 = Release|Any CPU
		{5DE77D16-3C82-40BE-B579-0AFD7A88444A}.Debug|Any CPU.ActiveCfg = Debug|Any CPU
		{5DE77D16-3C82-40BE-B579-0AFD7A88444A}.Debug|Any CPU.Build.0 = Debug|Any CPU
		{5DE77D16-3C82-40BE-B579-0AFD7A88444A}.Release|Any CPU.ActiveCfg = Release|Any CPU
		{5DE77D16-3C82-40BE-B579-0AFD7A88444A}.Release|Any CPU.Build.0 = Release|Any CPU
		{2B363023-92B4-411A-A3B5-36947BFD7417}.Debug|Any CPU.ActiveCfg = Debug|Any CPU
		{2B363023-92B4-411A-A3B5-36947BFD7417}.Debug|Any CPU.Build.0 = Debug|Any CPU
		{2B363023-92B4-411A-A3B5-36947BFD7417}.Release|Any CPU.ActiveCfg = Release|Any CPU
		{2B363023-92B4-411A-A3B5-36947BFD7417}.Release|Any CPU.Build.0 = Release|Any CPU
		{A4331DC5-D69D-447F-8657-12DDA0B68966}.Debug|Any CPU.ActiveCfg = Debug|Any CPU
		{A4331DC5-D69D-447F-8657-12DDA0B68966}.Debug|Any CPU.Build.0 = Debug|Any CPU
		{A4331DC5-D69D-447F-8657-12DDA0B68966}.Release|Any CPU.ActiveCfg = Release|Any CPU
		{A4331DC5-D69D-447F-8657-12DDA0B68966}.Release|Any CPU.Build.0 = Release|Any CPU
		{6FE01879-E81D-4965-A951-F0197C88C416}.Debug|Any CPU.ActiveCfg = Debug|Any CPU
		{6FE01879-E81D-4965-A951-F0197C88C416}.Debug|Any CPU.Build.0 = Debug|Any CPU
		{6FE01879-E81D-4965-A951-F0197C88C416}.Release|Any CPU.ActiveCfg = Release|Any CPU
		{6FE01879-E81D-4965-A951-F0197C88C416}.Release|Any CPU.Build.0 = Release|Any CPU
		{AE8327F7-81E1-406B-B99B-18687714BE5B}.Debug|Any CPU.ActiveCfg = Debug|Any CPU
		{AE8327F7-81E1-406B-B99B-18687714BE5B}.Debug|Any CPU.Build.0 = Debug|Any CPU
		{AE8327F7-81E1-406B-B99B-18687714BE5B}.Release|Any CPU.ActiveCfg = Release|Any CPU
		{AE8327F7-81E1-406B-B99B-18687714BE5B}.Release|Any CPU.Build.0 = Release|Any CPU
	EndGlobalSection
	GlobalSection(SolutionProperties) = preSolution
		HideSolutionNode = FALSE
	EndGlobalSection
EndGlobal
